// !$*UTF8*$!
{
	archiveVersion = 1;
	classes = {
	};
	objectVersion = 56;
	objects = {

/* Begin PBXBuildFile section */
		170E9D812A777C6300A1AAF4 /* StorageManager.swift in Sources */ = {isa = PBXBuildFile; fileRef = 170E9D802A777C6300A1AAF4 /* StorageManager.swift */; };
		176221652A7A94A900FEB546 /* ConversationTableViewCell.swift in Sources */ = {isa = PBXBuildFile; fileRef = 176221642A7A94A900FEB546 /* ConversationTableViewCell.swift */; };
		1762D1C62A769DD300EC1A39 /* GoogleService-Info.plist in Resources */ = {isa = PBXBuildFile; fileRef = 1762D1C52A769DD300EC1A39 /* GoogleService-Info.plist */; };
		1762D1C82A76B18300EC1A39 /* ChatViewController.swift in Sources */ = {isa = PBXBuildFile; fileRef = 1762D1C72A76B18300EC1A39 /* ChatViewController.swift */; };
		1762D1CA2A76BCEF00EC1A39 /* SettingsViewController.swift in Sources */ = {isa = PBXBuildFile; fileRef = 1762D1C92A76BCEF00EC1A39 /* SettingsViewController.swift */; };
		17B408D22A762D0100F84A3C /* AppDelegate.swift in Sources */ = {isa = PBXBuildFile; fileRef = 17B408D12A762D0100F84A3C /* AppDelegate.swift */; };
		17B408D42A762D0100F84A3C /* SceneDelegate.swift in Sources */ = {isa = PBXBuildFile; fileRef = 17B408D32A762D0100F84A3C /* SceneDelegate.swift */; };
		17B408D62A762D0100F84A3C /* ConversationsViewController.swift in Sources */ = {isa = PBXBuildFile; fileRef = 17B408D52A762D0100F84A3C /* ConversationsViewController.swift */; };
		17B408D92A762D0100F84A3C /* Main.storyboard in Resources */ = {isa = PBXBuildFile; fileRef = 17B408D72A762D0100F84A3C /* Main.storyboard */; };
		17B408DB2A762D0300F84A3C /* Assets.xcassets in Resources */ = {isa = PBXBuildFile; fileRef = 17B408DA2A762D0300F84A3C /* Assets.xcassets */; };
		17B408DE2A762D0300F84A3C /* LaunchScreen.storyboard in Resources */ = {isa = PBXBuildFile; fileRef = 17B408DC2A762D0300F84A3C /* LaunchScreen.storyboard */; };
		17B408EB2A76317D00F84A3C /* LoginViewController.swift in Sources */ = {isa = PBXBuildFile; fileRef = 17B408EA2A76317D00F84A3C /* LoginViewController.swift */; };
		17B408ED2A76319000F84A3C /* RegisterViewController.swift in Sources */ = {isa = PBXBuildFile; fileRef = 17B408EC2A76319000F84A3C /* RegisterViewController.swift */; };
		17B408EF2A7631BA00F84A3C /* PhotoVIewerViewController.swift in Sources */ = {isa = PBXBuildFile; fileRef = 17B408EE2A7631BA00F84A3C /* PhotoVIewerViewController.swift */; };
		17B408F12A7631FF00F84A3C /* NewConversationViewController.swift in Sources */ = {isa = PBXBuildFile; fileRef = 17B408F02A7631FF00F84A3C /* NewConversationViewController.swift */; };
		17B408F32A763F7800F84A3C /* Extensions.swift in Sources */ = {isa = PBXBuildFile; fileRef = 17B408F22A763F7800F84A3C /* Extensions.swift */; };
		17EC57622A768E91002BFC06 /* DatabaseManager.swift in Sources */ = {isa = PBXBuildFile; fileRef = 17EC57612A768E91002BFC06 /* DatabaseManager.swift */; };
		65963EBEA64A542ED98A789B /* Pods_Chat.framework in Frameworks */ = {isa = PBXBuildFile; fileRef = 7FB90F1E3557BC1226828796 /* Pods_Chat.framework */; };
/* End PBXBuildFile section */

/* Begin PBXFileReference section */
		170E9D802A777C6300A1AAF4 /* StorageManager.swift */ = {isa = PBXFileReference; lastKnownFileType = sourcecode.swift; path = StorageManager.swift; sourceTree = "<group>"; };
		176221642A7A94A900FEB546 /* ConversationTableViewCell.swift */ = {isa = PBXFileReference; lastKnownFileType = sourcecode.swift; path = ConversationTableViewCell.swift; sourceTree = "<group>"; };
		1762D1C52A769DD300EC1A39 /* GoogleService-Info.plist */ = {isa = PBXFileReference; fileEncoding = 4; lastKnownFileType = text.plist.xml; path = "GoogleService-Info.plist"; sourceTree = "<group>"; };
		1762D1C72A76B18300EC1A39 /* ChatViewController.swift */ = {isa = PBXFileReference; lastKnownFileType = sourcecode.swift; path = ChatViewController.swift; sourceTree = "<group>"; };
		1762D1C92A76BCEF00EC1A39 /* SettingsViewController.swift */ = {isa = PBXFileReference; lastKnownFileType = sourcecode.swift; path = SettingsViewController.swift; sourceTree = "<group>"; };
		17B408CE2A762D0100F84A3C /* Chat.app */ = {isa = PBXFileReference; explicitFileType = wrapper.application; includeInIndex = 0; path = Chat.app; sourceTree = BUILT_PRODUCTS_DIR; };
		17B408D12A762D0100F84A3C /* AppDelegate.swift */ = {isa = PBXFileReference; lastKnownFileType = sourcecode.swift; path = AppDelegate.swift; sourceTree = "<group>"; };
		17B408D32A762D0100F84A3C /* SceneDelegate.swift */ = {isa = PBXFileReference; lastKnownFileType = sourcecode.swift; path = SceneDelegate.swift; sourceTree = "<group>"; };
		17B408D52A762D0100F84A3C /* ConversationsViewController.swift */ = {isa = PBXFileReference; lastKnownFileType = sourcecode.swift; path = ConversationsViewController.swift; sourceTree = "<group>"; };
		17B408D82A762D0100F84A3C /* Base */ = {isa = PBXFileReference; lastKnownFileType = file.storyboard; name = Base; path = Base.lproj/Main.storyboard; sourceTree = "<group>"; };
		17B408DA2A762D0300F84A3C /* Assets.xcassets */ = {isa = PBXFileReference; lastKnownFileType = folder.assetcatalog; path = Assets.xcassets; sourceTree = "<group>"; };
		17B408DD2A762D0300F84A3C /* Base */ = {isa = PBXFileReference; lastKnownFileType = file.storyboard; name = Base; path = Base.lproj/LaunchScreen.storyboard; sourceTree = "<group>"; };
		17B408DF2A762D0300F84A3C /* Info.plist */ = {isa = PBXFileReference; lastKnownFileType = text.plist.xml; path = Info.plist; sourceTree = "<group>"; };
		17B408EA2A76317D00F84A3C /* LoginViewController.swift */ = {isa = PBXFileReference; lastKnownFileType = sourcecode.swift; path = LoginViewController.swift; sourceTree = "<group>"; };
		17B408EC2A76319000F84A3C /* RegisterViewController.swift */ = {isa = PBXFileReference; lastKnownFileType = sourcecode.swift; path = RegisterViewController.swift; sourceTree = "<group>"; };
		17B408EE2A7631BA00F84A3C /* PhotoVIewerViewController.swift */ = {isa = PBXFileReference; lastKnownFileType = sourcecode.swift; path = PhotoVIewerViewController.swift; sourceTree = "<group>"; };
		17B408F02A7631FF00F84A3C /* NewConversationViewController.swift */ = {isa = PBXFileReference; lastKnownFileType = sourcecode.swift; path = NewConversationViewController.swift; sourceTree = "<group>"; };
		17B408F22A763F7800F84A3C /* Extensions.swift */ = {isa = PBXFileReference; lastKnownFileType = sourcecode.swift; path = Extensions.swift; sourceTree = "<group>"; };
		17EC57612A768E91002BFC06 /* DatabaseManager.swift */ = {isa = PBXFileReference; lastKnownFileType = sourcecode.swift; path = DatabaseManager.swift; sourceTree = "<group>"; };
		54993695E1BAAEF6757ACCAD /* Pods-Chat.debug.xcconfig */ = {isa = PBXFileReference; includeInIndex = 1; lastKnownFileType = text.xcconfig; name = "Pods-Chat.debug.xcconfig"; path = "Target Support Files/Pods-Chat/Pods-Chat.debug.xcconfig"; sourceTree = "<group>"; };
		593B79EB2D540A83E928A817 /* Pods-Chat.release.xcconfig */ = {isa = PBXFileReference; includeInIndex = 1; lastKnownFileType = text.xcconfig; name = "Pods-Chat.release.xcconfig"; path = "Target Support Files/Pods-Chat/Pods-Chat.release.xcconfig"; sourceTree = "<group>"; };
		7FB90F1E3557BC1226828796 /* Pods_Chat.framework */ = {isa = PBXFileReference; explicitFileType = wrapper.framework; includeInIndex = 0; path = Pods_Chat.framework; sourceTree = BUILT_PRODUCTS_DIR; };
/* End PBXFileReference section */

/* Begin PBXFrameworksBuildPhase section */
		17B408CB2A762D0100F84A3C /* Frameworks */ = {
			isa = PBXFrameworksBuildPhase;
			buildActionMask = 2147483647;
			files = (
				65963EBEA64A542ED98A789B /* Pods_Chat.framework in Frameworks */,
			);
			runOnlyForDeploymentPostprocessing = 0;
		};
/* End PBXFrameworksBuildPhase section */

/* Begin PBXGroup section */
		17B408C52A762D0000F84A3C = {
			isa = PBXGroup;
			children = (
				17B408D02A762D0100F84A3C /* Chat */,
				17B408CF2A762D0100F84A3C /* Products */,
				E290DAA7E8D2FA5442D6290B /* Pods */,
				FE9996C007D0DE739615E376 /* Frameworks */,
			);
			sourceTree = "<group>";
		};
		17B408CF2A762D0100F84A3C /* Products */ = {
			isa = PBXGroup;
			children = (
				17B408CE2A762D0100F84A3C /* Chat.app */,
			);
			name = Products;
			sourceTree = "<group>";
		};
		17B408D02A762D0100F84A3C /* Chat */ = {
			isa = PBXGroup;
			children = (
				17B408E92A762FFC00F84A3C /* ViewModels */,
				17B408E82A762FEF00F84A3C /* Models */,
				17B408E62A762FD100F84A3C /* Views */,
				17B408E52A762FC000F84A3C /* Controllers */,
				17B408D12A762D0100F84A3C /* AppDelegate.swift */,
				17EC57612A768E91002BFC06 /* DatabaseManager.swift */,
				170E9D802A777C6300A1AAF4 /* StorageManager.swift */,
				17B408D32A762D0100F84A3C /* SceneDelegate.swift */,
				17B408DA2A762D0300F84A3C /* Assets.xcassets */,
				17B408DF2A762D0300F84A3C /* Info.plist */,
				1762D1C52A769DD300EC1A39 /* GoogleService-Info.plist */,
				17B408F22A763F7800F84A3C /* Extensions.swift */,
			);
			path = Chat;
			sourceTree = "<group>";
		};
		17B408E52A762FC000F84A3C /* Controllers */ = {
			isa = PBXGroup;
			children = (
				17B408D52A762D0100F84A3C /* ConversationsViewController.swift */,
				1762D1C92A76BCEF00EC1A39 /* SettingsViewController.swift */,
				1762D1C72A76B18300EC1A39 /* ChatViewController.swift */,
				17B408EA2A76317D00F84A3C /* LoginViewController.swift */,
				17B408EC2A76319000F84A3C /* RegisterViewController.swift */,
				17B408EE2A7631BA00F84A3C /* PhotoVIewerViewController.swift */,
				17B408F02A7631FF00F84A3C /* NewConversationViewController.swift */,
			);
			path = Controllers;
			sourceTree = "<group>";
		};
		17B408E62A762FD100F84A3C /* Views */ = {
			isa = PBXGroup;
			children = (
				17B408D72A762D0100F84A3C /* Main.storyboard */,
				17B408DC2A762D0300F84A3C /* LaunchScreen.storyboard */,
				176221642A7A94A900FEB546 /* ConversationTableViewCell.swift */,
			);
			path = Views;
			sourceTree = "<group>";
		};
		17B408E82A762FEF00F84A3C /* Models */ = {
			isa = PBXGroup;
			children = (
			);
			path = Models;
			sourceTree = "<group>";
		};
		17B408E92A762FFC00F84A3C /* ViewModels */ = {
			isa = PBXGroup;
			children = (
			);
			path = ViewModels;
			sourceTree = "<group>";
		};
		E290DAA7E8D2FA5442D6290B /* Pods */ = {
			isa = PBXGroup;
			children = (
				54993695E1BAAEF6757ACCAD /* Pods-Chat.debug.xcconfig */,
				593B79EB2D540A83E928A817 /* Pods-Chat.release.xcconfig */,
			);
			path = Pods;
			sourceTree = "<group>";
		};
		FE9996C007D0DE739615E376 /* Frameworks */ = {
			isa = PBXGroup;
			children = (
				7FB90F1E3557BC1226828796 /* Pods_Chat.framework */,
			);
			name = Frameworks;
			sourceTree = "<group>";
		};
/* End PBXGroup section */

/* Begin PBXNativeTarget section */
		17B408CD2A762D0100F84A3C /* Chat */ = {
			isa = PBXNativeTarget;
			buildConfigurationList = 17B408E22A762D0300F84A3C /* Build configuration list for PBXNativeTarget "Chat" */;
			buildPhases = (
				21825E0E8539B3B014E1B155 /* [CP] Check Pods Manifest.lock */,
				17B408CA2A762D0100F84A3C /* Sources */,
				17B408CB2A762D0100F84A3C /* Frameworks */,
				17B408CC2A762D0100F84A3C /* Resources */,
				5F84A043F2D8E501D8492A74 /* [CP] Embed Pods Frameworks */,
			);
			buildRules = (
			);
			dependencies = (
			);
			name = Chat;
			productName = Chat;
			productReference = 17B408CE2A762D0100F84A3C /* Chat.app */;
			productType = "com.apple.product-type.application";
		};
/* End PBXNativeTarget section */

/* Begin PBXProject section */
		17B408C62A762D0000F84A3C /* Project object */ = {
			isa = PBXProject;
			attributes = {
				BuildIndependentTargetsInParallel = 1;
				LastSwiftUpdateCheck = 1430;
				LastUpgradeCheck = 1430;
				TargetAttributes = {
					17B408CD2A762D0100F84A3C = {
						CreatedOnToolsVersion = 14.3.1;
					};
				};
			};
			buildConfigurationList = 17B408C92A762D0000F84A3C /* Build configuration list for PBXProject "Chat" */;
			compatibilityVersion = "Xcode 14.0";
			developmentRegion = en;
			hasScannedForEncodings = 0;
			knownRegions = (
				en,
				Base,
			);
			mainGroup = 17B408C52A762D0000F84A3C;
			productRefGroup = 17B408CF2A762D0100F84A3C /* Products */;
			projectDirPath = "";
			projectRoot = "";
			targets = (
				17B408CD2A762D0100F84A3C /* Chat */,
			);
		};
/* End PBXProject section */

/* Begin PBXResourcesBuildPhase section */
		17B408CC2A762D0100F84A3C /* Resources */ = {
			isa = PBXResourcesBuildPhase;
			buildActionMask = 2147483647;
			files = (
				17B408DE2A762D0300F84A3C /* LaunchScreen.storyboard in Resources */,
				1762D1C62A769DD300EC1A39 /* GoogleService-Info.plist in Resources */,
				17B408DB2A762D0300F84A3C /* Assets.xcassets in Resources */,
				17B408D92A762D0100F84A3C /* Main.storyboard in Resources */,
			);
			runOnlyForDeploymentPostprocessing = 0;
		};
/* End PBXResourcesBuildPhase section */

/* Begin PBXShellScriptBuildPhase section */
		21825E0E8539B3B014E1B155 /* [CP] Check Pods Manifest.lock */ = {
			isa = PBXShellScriptBuildPhase;
			buildActionMask = 2147483647;
			files = (
			);
			inputFileListPaths = (
			);
			inputPaths = (
				"${PODS_PODFILE_DIR_PATH}/Podfile.lock",
				"${PODS_ROOT}/Manifest.lock",
			);
			name = "[CP] Check Pods Manifest.lock";
			outputFileListPaths = (
			);
			outputPaths = (
				"$(DERIVED_FILE_DIR)/Pods-Chat-checkManifestLockResult.txt",
			);
			runOnlyForDeploymentPostprocessing = 0;
			shellPath = /bin/sh;
			shellScript = "diff \"${PODS_PODFILE_DIR_PATH}/Podfile.lock\" \"${PODS_ROOT}/Manifest.lock\" > /dev/null\nif [ $? != 0 ] ; then\n    # print error to STDERR\n    echo \"error: The sandbox is not in sync with the Podfile.lock. Run 'pod install' or update your CocoaPods installation.\" >&2\n    exit 1\nfi\n# This output is used by Xcode 'outputs' to avoid re-running this script phase.\necho \"SUCCESS\" > \"${SCRIPT_OUTPUT_FILE_0}\"\n";
			showEnvVarsInLog = 0;
		};
		5F84A043F2D8E501D8492A74 /* [CP] Embed Pods Frameworks */ = {
			isa = PBXShellScriptBuildPhase;
			buildActionMask = 2147483647;
			files = (
			);
			inputFileListPaths = (
				"${PODS_ROOT}/Target Support Files/Pods-Chat/Pods-Chat-frameworks-${CONFIGURATION}-input-files.xcfilelist",
			);
			name = "[CP] Embed Pods Frameworks";
			outputFileListPaths = (
				"${PODS_ROOT}/Target Support Files/Pods-Chat/Pods-Chat-frameworks-${CONFIGURATION}-output-files.xcfilelist",
			);
			runOnlyForDeploymentPostprocessing = 0;
			shellPath = /bin/sh;
			shellScript = "\"${PODS_ROOT}/Target Support Files/Pods-Chat/Pods-Chat-frameworks.sh\"\n";
			showEnvVarsInLog = 0;
		};
/* End PBXShellScriptBuildPhase section */

/* Begin PBXSourcesBuildPhase section */
		17B408CA2A762D0100F84A3C /* Sources */ = {
			isa = PBXSourcesBuildPhase;
			buildActionMask = 2147483647;
			files = (
				17B408EB2A76317D00F84A3C /* LoginViewController.swift in Sources */,
				17B408F12A7631FF00F84A3C /* NewConversationViewController.swift in Sources */,
				1762D1CA2A76BCEF00EC1A39 /* SettingsViewController.swift in Sources */,
				170E9D812A777C6300A1AAF4 /* StorageManager.swift in Sources */,
				17B408ED2A76319000F84A3C /* RegisterViewController.swift in Sources */,
				17B408F32A763F7800F84A3C /* Extensions.swift in Sources */,
				17B408D62A762D0100F84A3C /* ConversationsViewController.swift in Sources */,
				17B408D22A762D0100F84A3C /* AppDelegate.swift in Sources */,
				17B408D42A762D0100F84A3C /* SceneDelegate.swift in Sources */,
				176221652A7A94A900FEB546 /* ConversationTableViewCell.swift in Sources */,
				17B408EF2A7631BA00F84A3C /* PhotoVIewerViewController.swift in Sources */,
				1762D1C82A76B18300EC1A39 /* ChatViewController.swift in Sources */,
				17EC57622A768E91002BFC06 /* DatabaseManager.swift in Sources */,
			);
			runOnlyForDeploymentPostprocessing = 0;
		};
/* End PBXSourcesBuildPhase section */

/* Begin PBXVariantGroup section */
		17B408D72A762D0100F84A3C /* Main.storyboard */ = {
			isa = PBXVariantGroup;
			children = (
				17B408D82A762D0100F84A3C /* Base */,
			);
			name = Main.storyboard;
			sourceTree = "<group>";
		};
		17B408DC2A762D0300F84A3C /* LaunchScreen.storyboard */ = {
			isa = PBXVariantGroup;
			children = (
				17B408DD2A762D0300F84A3C /* Base */,
			);
			name = LaunchScreen.storyboard;
			sourceTree = "<group>";
		};
/* End PBXVariantGroup section */

/* Begin XCBuildConfiguration section */
		17B408E02A762D0300F84A3C /* Debug */ = {
			isa = XCBuildConfiguration;
			buildSettings = {
				ALWAYS_SEARCH_USER_PATHS = NO;
				CLANG_ANALYZER_NONNULL = YES;
				CLANG_ANALYZER_NUMBER_OBJECT_CONVERSION = YES_AGGRESSIVE;
				CLANG_CXX_LANGUAGE_STANDARD = "gnu++20";
				CLANG_ENABLE_MODULES = YES;
				CLANG_ENABLE_OBJC_ARC = YES;
				CLANG_ENABLE_OBJC_WEAK = YES;
				CLANG_WARN_BLOCK_CAPTURE_AUTORELEASING = YES;
				CLANG_WARN_BOOL_CONVERSION = YES;
				CLANG_WARN_COMMA = YES;
				CLANG_WARN_CONSTANT_CONVERSION = YES;
				CLANG_WARN_DEPRECATED_OBJC_IMPLEMENTATIONS = YES;
				CLANG_WARN_DIRECT_OBJC_ISA_USAGE = YES_ERROR;
				CLANG_WARN_DOCUMENTATION_COMMENTS = YES;
				CLANG_WARN_EMPTY_BODY = YES;
				CLANG_WARN_ENUM_CONVERSION = YES;
				CLANG_WARN_INFINITE_RECURSION = YES;
				CLANG_WARN_INT_CONVERSION = YES;
				CLANG_WARN_NON_LITERAL_NULL_CONVERSION = YES;
				CLANG_WARN_OBJC_IMPLICIT_RETAIN_SELF = YES;
				CLANG_WARN_OBJC_LITERAL_CONVERSION = YES;
				CLANG_WARN_OBJC_ROOT_CLASS = YES_ERROR;
				CLANG_WARN_QUOTED_INCLUDE_IN_FRAMEWORK_HEADER = YES;
				CLANG_WARN_RANGE_LOOP_ANALYSIS = YES;
				CLANG_WARN_STRICT_PROTOTYPES = YES;
				CLANG_WARN_SUSPICIOUS_MOVE = YES;
				CLANG_WARN_UNGUARDED_AVAILABILITY = YES_AGGRESSIVE;
				CLANG_WARN_UNREACHABLE_CODE = YES;
				CLANG_WARN__DUPLICATE_METHOD_MATCH = YES;
				COPY_PHASE_STRIP = NO;
				DEBUG_INFORMATION_FORMAT = dwarf;
				ENABLE_STRICT_OBJC_MSGSEND = YES;
				ENABLE_TESTABILITY = YES;
				GCC_C_LANGUAGE_STANDARD = gnu11;
				GCC_DYNAMIC_NO_PIC = NO;
				GCC_NO_COMMON_BLOCKS = YES;
				GCC_OPTIMIZATION_LEVEL = 0;
				GCC_PREPROCESSOR_DEFINITIONS = (
					"DEBUG=1",
					"$(inherited)",
				);
				GCC_WARN_64_TO_32_BIT_CONVERSION = YES;
				GCC_WARN_ABOUT_RETURN_TYPE = YES_ERROR;
				GCC_WARN_UNDECLARED_SELECTOR = YES;
				GCC_WARN_UNINITIALIZED_AUTOS = YES_AGGRESSIVE;
				GCC_WARN_UNUSED_FUNCTION = YES;
				GCC_WARN_UNUSED_VARIABLE = YES;
				IPHONEOS_DEPLOYMENT_TARGET = 16.4;
				MTL_ENABLE_DEBUG_INFO = INCLUDE_SOURCE;
				MTL_FAST_MATH = YES;
				ONLY_ACTIVE_ARCH = YES;
				SDKROOT = iphoneos;
				SWIFT_ACTIVE_COMPILATION_CONDITIONS = DEBUG;
				SWIFT_OPTIMIZATION_LEVEL = "-Onone";
			};
			name = Debug;
		};
		17B408E12A762D0300F84A3C /* Release */ = {
			isa = XCBuildConfiguration;
			buildSettings = {
				ALWAYS_SEARCH_USER_PATHS = NO;
				CLANG_ANALYZER_NONNULL = YES;
				CLANG_ANALYZER_NUMBER_OBJECT_CONVERSION = YES_AGGRESSIVE;
				CLANG_CXX_LANGUAGE_STANDARD = "gnu++20";
				CLANG_ENABLE_MODULES = YES;
				CLANG_ENABLE_OBJC_ARC = YES;
				CLANG_ENABLE_OBJC_WEAK = YES;
				CLANG_WARN_BLOCK_CAPTURE_AUTORELEASING = YES;
				CLANG_WARN_BOOL_CONVERSION = YES;
				CLANG_WARN_COMMA = YES;
				CLANG_WARN_CONSTANT_CONVERSION = YES;
				CLANG_WARN_DEPRECATED_OBJC_IMPLEMENTATIONS = YES;
				CLANG_WARN_DIRECT_OBJC_ISA_USAGE = YES_ERROR;
				CLANG_WARN_DOCUMENTATION_COMMENTS = YES;
				CLANG_WARN_EMPTY_BODY = YES;
				CLANG_WARN_ENUM_CONVERSION = YES;
				CLANG_WARN_INFINITE_RECURSION = YES;
				CLANG_WARN_INT_CONVERSION = YES;
				CLANG_WARN_NON_LITERAL_NULL_CONVERSION = YES;
				CLANG_WARN_OBJC_IMPLICIT_RETAIN_SELF = YES;
				CLANG_WARN_OBJC_LITERAL_CONVERSION = YES;
				CLANG_WARN_OBJC_ROOT_CLASS = YES_ERROR;
				CLANG_WARN_QUOTED_INCLUDE_IN_FRAMEWORK_HEADER = YES;
				CLANG_WARN_RANGE_LOOP_ANALYSIS = YES;
				CLANG_WARN_STRICT_PROTOTYPES = YES;
				CLANG_WARN_SUSPICIOUS_MOVE = YES;
				CLANG_WARN_UNGUARDED_AVAILABILITY = YES_AGGRESSIVE;
				CLANG_WARN_UNREACHABLE_CODE = YES;
				CLANG_WARN__DUPLICATE_METHOD_MATCH = YES;
				COPY_PHASE_STRIP = NO;
				DEBUG_INFORMATION_FORMAT = "dwarf-with-dsym";
				ENABLE_NS_ASSERTIONS = NO;
				ENABLE_STRICT_OBJC_MSGSEND = YES;
				GCC_C_LANGUAGE_STANDARD = gnu11;
				GCC_NO_COMMON_BLOCKS = YES;
				GCC_WARN_64_TO_32_BIT_CONVERSION = YES;
				GCC_WARN_ABOUT_RETURN_TYPE = YES_ERROR;
				GCC_WARN_UNDECLARED_SELECTOR = YES;
				GCC_WARN_UNINITIALIZED_AUTOS = YES_AGGRESSIVE;
				GCC_WARN_UNUSED_FUNCTION = YES;
				GCC_WARN_UNUSED_VARIABLE = YES;
				IPHONEOS_DEPLOYMENT_TARGET = 16.4;
				MTL_ENABLE_DEBUG_INFO = NO;
				MTL_FAST_MATH = YES;
				SDKROOT = iphoneos;
				SWIFT_COMPILATION_MODE = wholemodule;
				SWIFT_OPTIMIZATION_LEVEL = "-O";
				VALIDATE_PRODUCT = YES;
			};
			name = Release;
		};
		17B408E32A762D0300F84A3C /* Debug */ = {
			isa = XCBuildConfiguration;
			baseConfigurationReference = 54993695E1BAAEF6757ACCAD /* Pods-Chat.debug.xcconfig */;
			buildSettings = {
				ASSETCATALOG_COMPILER_APPICON_NAME = AppIcon;
				ASSETCATALOG_COMPILER_GLOBAL_ACCENT_COLOR_NAME = AccentColor;
				CODE_SIGN_STYLE = Automatic;
				CURRENT_PROJECT_VERSION = 1;
				DEVELOPMENT_TEAM = 7ZZL4DVJ78;
				GENERATE_INFOPLIST_FILE = YES;
				INFOPLIST_FILE = Chat/Info.plist;
				INFOPLIST_KEY_NSCameraUsageDescription = "Please allow access to take a profile picture";
				INFOPLIST_KEY_NSPhotoLibraryUsageDescription = "Please allow access to select a photo for profile";
				INFOPLIST_KEY_UIApplicationSupportsIndirectInputEvents = YES;
				INFOPLIST_KEY_UILaunchStoryboardName = LaunchScreen;
				INFOPLIST_KEY_UIMainStoryboardFile = Main;
				INFOPLIST_KEY_UIRequiredDeviceCapabilities = armv7;
				INFOPLIST_KEY_UISupportedInterfaceOrientations = UIInterfaceOrientationPortrait;
				INFOPLIST_KEY_UISupportedInterfaceOrientations_iPad = "UIInterfaceOrientationPortrait UIInterfaceOrientationPortraitUpsideDown";
				IPHONEOS_DEPLOYMENT_TARGET = 13.0;
				LD_RUNPATH_SEARCH_PATHS = (
					"$(inherited)",
					"@executable_path/Frameworks",
				);
				MARKETING_VERSION = 1.0;
				PRODUCT_BUNDLE_IDENTIFIER = co.mangee.Chat;
				PRODUCT_NAME = "$(TARGET_NAME)";
				SUPPORTED_PLATFORMS = "iphoneos iphonesimulator";
				SUPPORTS_MACCATALYST = NO;
				SUPPORTS_MAC_DESIGNED_FOR_IPHONE_IPAD = NO;
				SWIFT_EMIT_LOC_STRINGS = YES;
				SWIFT_VERSION = 5.0;
				TARGETED_DEVICE_FAMILY = "1,2";
			};
			name = Debug;
		};
		17B408E42A762D0300F84A3C /* Release */ = {
			isa = XCBuildConfiguration;
			baseConfigurationReference = 593B79EB2D540A83E928A817 /* Pods-Chat.release.xcconfig */;
			buildSettings = {
				ASSETCATALOG_COMPILER_APPICON_NAME = AppIcon;
				ASSETCATALOG_COMPILER_GLOBAL_ACCENT_COLOR_NAME = AccentColor;
				CODE_SIGN_STYLE = Automatic;
				CURRENT_PROJECT_VERSION = 1;
				DEVELOPMENT_TEAM = 7ZZL4DVJ78;
				GENERATE_INFOPLIST_FILE = YES;
				INFOPLIST_FILE = Chat/Info.plist;
				INFOPLIST_KEY_NSCameraUsageDescription = "Please allow access to take a profile picture";
				INFOPLIST_KEY_NSPhotoLibraryUsageDescription = "Please allow access to select a photo for profile";
				INFOPLIST_KEY_UIApplicationSupportsIndirectInputEvents = YES;
				INFOPLIST_KEY_UILaunchStoryboardName = LaunchScreen;
				INFOPLIST_KEY_UIMainStoryboardFile = Main;
				INFOPLIST_KEY_UIRequiredDeviceCapabilities = armv7;
				INFOPLIST_KEY_UISupportedInterfaceOrientations = UIInterfaceOrientationPortrait;
				INFOPLIST_KEY_UISupportedInterfaceOrientations_iPad = "UIInterfaceOrientationPortrait UIInterfaceOrientationPortraitUpsideDown";
				IPHONEOS_DEPLOYMENT_TARGET = 13.0;
				LD_RUNPATH_SEARCH_PATHS = (
					"$(inherited)",
					"@executable_path/Frameworks",
				);
				MARKETING_VERSION = 1.0;
				PRODUCT_BUNDLE_IDENTIFIER = co.mangee.Chat;
				PRODUCT_NAME = "$(TARGET_NAME)";
				SUPPORTED_PLATFORMS = "iphoneos iphonesimulator";
				SUPPORTS_MACCATALYST = NO;
				SUPPORTS_MAC_DESIGNED_FOR_IPHONE_IPAD = NO;
				SWIFT_EMIT_LOC_STRINGS = YES;
				SWIFT_VERSION = 5.0;
				TARGETED_DEVICE_FAMILY = "1,2";
			};
			name = Release;
		};
/* End XCBuildConfiguration section */

/* Begin XCConfigurationList section */
		17B408C92A762D0000F84A3C /* Build configuration list for PBXProject "Chat" */ = {
			isa = XCConfigurationList;
			buildConfigurations = (
				17B408E02A762D0300F84A3C /* Debug */,
				17B408E12A762D0300F84A3C /* Release */,
			);
			defaultConfigurationIsVisible = 0;
			defaultConfigurationName = Release;
		};
		17B408E22A762D0300F84A3C /* Build configuration list for PBXNativeTarget "Chat" */ = {
			isa = XCConfigurationList;
			buildConfigurations = (
				17B408E32A762D0300F84A3C /* Debug */,
				17B408E42A762D0300F84A3C /* Release */,
			);
			defaultConfigurationIsVisible = 0;
			defaultConfigurationName = Release;
		};
/* End XCConfigurationList section */
	};
	rootObject = 17B408C62A762D0000F84A3C /* Project object */;
}
